// !$*UTF8*$!
{
	archiveVersion = 1;
	classes = {
	};
	objectVersion = 50;
	objects = {

/* Begin PBXBuildFile section */
		8043612C23E33ED800967795 /* Place.swift in Sources */ = {isa = PBXBuildFile; fileRef = 8043612B23E33ED700967795 /* Place.swift */; };
		8099E3F023E448C500CCE2D1 /* PlaceView.swift in Sources */ = {isa = PBXBuildFile; fileRef = 8099E3EF23E448C500CCE2D1 /* PlaceView.swift */; };
		8099E3F423E44B4800CCE2D1 /* ExpandableItem.swift in Sources */ = {isa = PBXBuildFile; fileRef = 8099E3F323E44B4800CCE2D1 /* ExpandableItem.swift */; };
		88E2C6F823E228F900EF5304 /* AppDelegate.swift in Sources */ = {isa = PBXBuildFile; fileRef = 88E2C6F723E228F900EF5304 /* AppDelegate.swift */; };
		88E2C6FA23E228F900EF5304 /* SceneDelegate.swift in Sources */ = {isa = PBXBuildFile; fileRef = 88E2C6F923E228F900EF5304 /* SceneDelegate.swift */; };
		88E2C6FC23E228F900EF5304 /* ContentView.swift in Sources */ = {isa = PBXBuildFile; fileRef = 88E2C6FB23E228F900EF5304 /* ContentView.swift */; };
		88E2C6FE23E228FD00EF5304 /* Assets.xcassets in Resources */ = {isa = PBXBuildFile; fileRef = 88E2C6FD23E228FD00EF5304 /* Assets.xcassets */; };
		88E2C70123E228FD00EF5304 /* Preview Assets.xcassets in Resources */ = {isa = PBXBuildFile; fileRef = 88E2C70023E228FD00EF5304 /* Preview Assets.xcassets */; };
		88E2C70423E228FD00EF5304 /* LaunchScreen.storyboard in Resources */ = {isa = PBXBuildFile; fileRef = 88E2C70223E228FD00EF5304 /* LaunchScreen.storyboard */; };
		88E2C70E23E2307E00EF5304 /* PlacesListView.swift in Sources */ = {isa = PBXBuildFile; fileRef = 88E2C70D23E2307E00EF5304 /* PlacesListView.swift */; };
/* End PBXBuildFile section */

/* Begin PBXFileReference section */
		8043612B23E33ED700967795 /* Place.swift */ = {isa = PBXFileReference; lastKnownFileType = sourcecode.swift; path = Place.swift; sourceTree = "<group>"; };
		8099E3EF23E448C500CCE2D1 /* PlaceView.swift */ = {isa = PBXFileReference; lastKnownFileType = sourcecode.swift; path = PlaceView.swift; sourceTree = "<group>"; };
		8099E3F323E44B4800CCE2D1 /* ExpandableItem.swift */ = {isa = PBXFileReference; lastKnownFileType = sourcecode.swift; path = ExpandableItem.swift; sourceTree = "<group>"; };
		88E2C6F423E228F900EF5304 /* ExpandableListSwiftUI.app */ = {isa = PBXFileReference; explicitFileType = wrapper.application; includeInIndex = 0; path = ExpandableListSwiftUI.app; sourceTree = BUILT_PRODUCTS_DIR; };
		88E2C6F723E228F900EF5304 /* AppDelegate.swift */ = {isa = PBXFileReference; lastKnownFileType = sourcecode.swift; path = AppDelegate.swift; sourceTree = "<group>"; };
		88E2C6F923E228F900EF5304 /* SceneDelegate.swift */ = {isa = PBXFileReference; lastKnownFileType = sourcecode.swift; path = SceneDelegate.swift; sourceTree = "<group>"; };
		88E2C6FB23E228F900EF5304 /* ContentView.swift */ = {isa = PBXFileReference; lastKnownFileType = sourcecode.swift; path = ContentView.swift; sourceTree = "<group>"; };
		88E2C6FD23E228FD00EF5304 /* Assets.xcassets */ = {isa = PBXFileReference; lastKnownFileType = folder.assetcatalog; path = Assets.xcassets; sourceTree = "<group>"; };
		88E2C70023E228FD00EF5304 /* Preview Assets.xcassets */ = {isa = PBXFileReference; lastKnownFileType = folder.assetcatalog; path = "Preview Assets.xcassets"; sourceTree = "<group>"; };
		88E2C70323E228FD00EF5304 /* Base */ = {isa = PBXFileReference; lastKnownFileType = file.storyboard; name = Base; path = Base.lproj/LaunchScreen.storyboard; sourceTree = "<group>"; };
		88E2C70523E228FD00EF5304 /* Info.plist */ = {isa = PBXFileReference; lastKnownFileType = text.plist.xml; path = Info.plist; sourceTree = "<group>"; };
		88E2C70D23E2307E00EF5304 /* PlacesListView.swift */ = {isa = PBXFileReference; lastKnownFileType = sourcecode.swift; path = PlacesListView.swift; sourceTree = "<group>"; };
/* End PBXFileReference section */

/* Begin PBXFrameworksBuildPhase section */
		88E2C6F123E228F900EF5304 /* Frameworks */ = {
			isa = PBXFrameworksBuildPhase;
			buildActionMask = 2147483647;
			files = (
			);
			runOnlyForDeploymentPostprocessing = 0;
		};
/* End PBXFrameworksBuildPhase section */

/* Begin PBXGroup section */
		800D998C23E4803F006BD88B /* App */ = {
			isa = PBXGroup;
			children = (
				88E2C6F723E228F900EF5304 /* AppDelegate.swift */,
				88E2C6F923E228F900EF5304 /* SceneDelegate.swift */,
			);
			path = App;
			sourceTree = "<group>";
		};
		88E2C6EB23E228F900EF5304 = {
			isa = PBXGroup;
			children = (
				88E2C6F623E228F900EF5304 /* ExpandableListSwiftUI */,
				88E2C6F523E228F900EF5304 /* Products */,
			);
			sourceTree = "<group>";
		};
		88E2C6F523E228F900EF5304 /* Products */ = {
			isa = PBXGroup;
			children = (
				88E2C6F423E228F900EF5304 /* ExpandableListSwiftUI.app */,
			);
			name = Products;
			sourceTree = "<group>";
		};
		88E2C6F623E228F900EF5304 /* ExpandableListSwiftUI */ = {
			isa = PBXGroup;
			children = (
				800D998C23E4803F006BD88B /* App */,
				88E2C6FB23E228F900EF5304 /* ContentView.swift */,
				88E2C70D23E2307E00EF5304 /* PlacesListView.swift */,
				8099E3EF23E448C500CCE2D1 /* PlaceView.swift */,
				8099E3F323E44B4800CCE2D1 /* ExpandableItem.swift */,
				8043612B23E33ED700967795 /* Place.swift */,
				88E2C6FD23E228FD00EF5304 /* Assets.xcassets */,
				88E2C70223E228FD00EF5304 /* LaunchScreen.storyboard */,
				88E2C70523E228FD00EF5304 /* Info.plist */,
				88E2C6FF23E228FD00EF5304 /* Preview Content */,
			);
			path = ExpandableListSwiftUI;
			sourceTree = "<group>";
		};
		88E2C6FF23E228FD00EF5304 /* Preview Content */ = {
			isa = PBXGroup;
			children = (
				88E2C70023E228FD00EF5304 /* Preview Assets.xcassets */,
			);
			path = "Preview Content";
			sourceTree = "<group>";
		};
/* End PBXGroup section */

/* Begin PBXNativeTarget section */
		88E2C6F323E228F900EF5304 /* ExpandableListSwiftUI */ = {
			isa = PBXNativeTarget;
			buildConfigurationList = 88E2C70823E228FD00EF5304 /* Build configuration list for PBXNativeTarget "ExpandableListSwiftUI" */;
			buildPhases = (
				88E2C6F023E228F900EF5304 /* Sources */,
				88E2C6F123E228F900EF5304 /* Frameworks */,
				88E2C6F223E228F900EF5304 /* Resources */,
			);
			buildRules = (
			);
			dependencies = (
			);
			name = ExpandableListSwiftUI;
			productName = ExpandableListSwiftUI;
			productReference = 88E2C6F423E228F900EF5304 /* ExpandableListSwiftUI.app */;
			productType = "com.apple.product-type.application";
		};
/* End PBXNativeTarget section */

/* Begin PBXProject section */
		88E2C6EC23E228F900EF5304 /* Project object */ = {
			isa = PBXProject;
			attributes = {
				LastSwiftUpdateCheck = 1130;
				LastUpgradeCheck = 1130;
				ORGANIZATIONNAME = "Vadim Bulavin";
				TargetAttributes = {
					88E2C6F323E228F900EF5304 = {
						CreatedOnToolsVersion = 11.3;
					};
				};
			};
			buildConfigurationList = 88E2C6EF23E228F900EF5304 /* Build configuration list for PBXProject "ExpandableListSwiftUI" */;
			compatibilityVersion = "Xcode 9.3";
			developmentRegion = en;
			hasScannedForEncodings = 0;
			knownRegions = (
				en,
				Base,
			);
			mainGroup = 88E2C6EB23E228F900EF5304;
			productRefGroup = 88E2C6F523E228F900EF5304 /* Products */;
			projectDirPath = "";
			projectRoot = "";
			targets = (
				88E2C6F323E228F900EF5304 /* ExpandableListSwiftUI */,
			);
		};
/* End PBXProject section */

/* Begin PBXResourcesBuildPhase section */
		88E2C6F223E228F900EF5304 /* Resources */ = {
			isa = PBXResourcesBuildPhase;
			buildActionMask = 2147483647;
			files = (
				88E2C70423E228FD00EF5304 /* LaunchScreen.storyboard in Resources */,
				88E2C70123E228FD00EF5304 /* Preview Assets.xcassets in Resources */,
				88E2C6FE23E228FD00EF5304 /* Assets.xcassets in Resources */,
			);
			runOnlyForDeploymentPostprocessing = 0;
		};
/* End PBXResourcesBuildPhase section */

/* Begin PBXSourcesBuildPhase section */
		88E2C6F023E228F900EF5304 /* Sources */ = {
			isa = PBXSourcesBuildPhase;
			buildActionMask = 2147483647;
			files = (
				88E2C6F823E228F900EF5304 /* AppDelegate.swift in Sources */,
				8099E3F423E44B4800CCE2D1 /* ExpandableItem.swift in Sources */,
				8099E3F023E448C500CCE2D1 /* PlaceView.swift in Sources */,
				88E2C6FA23E228F900EF5304 /* SceneDelegate.swift in Sources */,
				8043612C23E33ED800967795 /* Place.swift in Sources */,
				88E2C6FC23E228F900EF5304 /* ContentView.swift in Sources */,
				88E2C70E23E2307E00EF5304 /* PlacesListView.swift in Sources */,
			);
			runOnlyForDeploymentPostprocessing = 0;
		};
/* End PBXSourcesBuildPhase section */

/* Begin PBXVariantGroup section */
		88E2C70223E228FD00EF5304 /* LaunchScreen.storyboard */ = {
			isa = PBXVariantGroup;
			children = (
				88E2C70323E228FD00EF5304 /* Base */,
			);
			name = LaunchScreen.storyboard;
			sourceTree = "<group>";
		};
/* End PBXVariantGroup section */

/* Begin XCBuildConfiguration section */
		88E2C70623E228FD00EF5304 /* Debug */ = {
			isa = XCBuildConfiguration;
			buildSettings = {
				ALWAYS_SEARCH_USER_PATHS = NO;
				CLANG_ANALYZER_NONNULL = YES;
				CLANG_ANALYZER_NUMBER_OBJECT_CONVERSION = YES_AGGRESSIVE;
				CLANG_CXX_LANGUAGE_STANDARD = "gnu++14";
				CLANG_CXX_LIBRARY = "libc++";
				CLANG_ENABLE_MODULES = YES;
				CLANG_ENABLE_OBJC_ARC = YES;
				CLANG_ENABLE_OBJC_WEAK = YES;
				CLANG_WARN_BLOCK_CAPTURE_AUTORELEASING = YES;
				CLANG_WARN_BOOL_CONVERSION = YES;
				CLANG_WARN_COMMA = YES;
				CLANG_WARN_CONSTANT_CONVERSION = YES;
				CLANG_WARN_DEPRECATED_OBJC_IMPLEMENTATIONS = YES;
				CLANG_WARN_DIRECT_OBJC_ISA_USAGE = YES_ERROR;
				CLANG_WARN_DOCUMENTATION_COMMENTS = YES;
				CLANG_WARN_EMPTY_BODY = YES;
				CLANG_WARN_ENUM_CONVERSION = YES;
				CLANG_WARN_INFINITE_RECURSION = YES;
				CLANG_WARN_INT_CONVERSION = YES;
				CLANG_WARN_NON_LITERAL_NULL_CONVERSION = YES;
				CLANG_WARN_OBJC_IMPLICIT_RETAIN_SELF = YES;
				CLANG_WARN_OBJC_LITERAL_CONVERSION = YES;
				CLANG_WARN_OBJC_ROOT_CLASS = YES_ERROR;
				CLANG_WARN_RANGE_LOOP_ANALYSIS = YES;
				CLANG_WARN_STRICT_PROTOTYPES = YES;
				CLANG_WARN_SUSPICIOUS_MOVE = YES;
				CLANG_WARN_UNGUARDED_AVAILABILITY = YES_AGGRESSIVE;
				CLANG_WARN_UNREACHABLE_CODE = YES;
				CLANG_WARN__DUPLICATE_METHOD_MATCH = YES;
				COPY_PHASE_STRIP = NO;
				DEBUG_INFORMATION_FORMAT = dwarf;
				ENABLE_STRICT_OBJC_MSGSEND = YES;
				ENABLE_TESTABILITY = YES;
				GCC_C_LANGUAGE_STANDARD = gnu11;
				GCC_DYNAMIC_NO_PIC = NO;
				GCC_NO_COMMON_BLOCKS = YES;
				GCC_OPTIMIZATION_LEVEL = 0;
				GCC_PREPROCESSOR_DEFINITIONS = (
					"DEBUG=1",
					"$(inherited)",
				);
				GCC_WARN_64_TO_32_BIT_CONVERSION = YES;
				GCC_WARN_ABOUT_RETURN_TYPE = YES_ERROR;
				GCC_WARN_UNDECLARED_SELECTOR = YES;
				GCC_WARN_UNINITIALIZED_AUTOS = YES_AGGRESSIVE;
				GCC_WARN_UNUSED_FUNCTION = YES;
				GCC_WARN_UNUSED_VARIABLE = YES;
				IPHONEOS_DEPLOYMENT_TARGET = 13.2;
				MTL_ENABLE_DEBUG_INFO = INCLUDE_SOURCE;
				MTL_FAST_MATH = YES;
				ONLY_ACTIVE_ARCH = YES;
				SDKROOT = iphoneos;
				SWIFT_ACTIVE_COMPILATION_CONDITIONS = DEBUG;
				SWIFT_OPTIMIZATION_LEVEL = "-Onone";
			};
			name = Debug;
		};
		88E2C70723E228FD00EF5304 /* Release */ = {
			isa = XCBuildConfiguration;
			buildSettings = {
				ALWAYS_SEARCH_USER_PATHS = NO;
				CLANG_ANALYZER_NONNULL = YES;
				CLANG_ANALYZER_NUMBER_OBJECT_CONVERSION = YES_AGGRESSIVE;
				CLANG_CXX_LANGUAGE_STANDARD = "gnu++14";
				CLANG_CXX_LIBRARY = "libc++";
				CLANG_ENABLE_MODULES = YES;
				CLANG_ENABLE_OBJC_ARC = YES;
				CLANG_ENABLE_OBJC_WEAK = YES;
				CLANG_WARN_BLOCK_CAPTURE_AUTORELEASING = YES;
				CLANG_WARN_BOOL_CONVERSION = YES;
				CLANG_WARN_COMMA = YES;
				CLANG_WARN_CONSTANT_CONVERSION = YES;
				CLANG_WARN_DEPRECATED_OBJC_IMPLEMENTATIONS = YES;
				CLANG_WARN_DIRECT_OBJC_ISA_USAGE = YES_ERROR;
				CLANG_WARN_DOCUMENTATION_COMMENTS = YES;
				CLANG_WARN_EMPTY_BODY = YES;
				CLANG_WARN_ENUM_CONVERSION = YES;
				CLANG_WARN_INFINITE_RECURSION = YES;
				CLANG_WARN_INT_CONVERSION = YES;
				CLANG_WARN_NON_LITERAL_NULL_CONVERSION = YES;
				CLANG_WARN_OBJC_IMPLICIT_RETAIN_SELF = YES;
				CLANG_WARN_OBJC_LITERAL_CONVERSION = YES;
				CLANG_WARN_OBJC_ROOT_CLASS = YES_ERROR;
				CLANG_WARN_RANGE_LOOP_ANALYSIS = YES;
				CLANG_WARN_STRICT_PROTOTYPES = YES;
				CLANG_WARN_SUSPICIOUS_MOVE = YES;
				CLANG_WARN_UNGUARDED_AVAILABILITY = YES_AGGRESSIVE;
				CLANG_WARN_UNREACHABLE_CODE = YES;
				CLANG_WARN__DUPLICATE_METHOD_MATCH = YES;
				COPY_PHASE_STRIP = NO;
				DEBUG_INFORMATION_FORMAT = "dwarf-with-dsym";
				ENABLE_NS_ASSERTIONS = NO;
				ENABLE_STRICT_OBJC_MSGSEND = YES;
				GCC_C_LANGUAGE_STANDARD = gnu11;
				GCC_NO_COMMON_BLOCKS = YES;
				GCC_WARN_64_TO_32_BIT_CONVERSION = YES;
				GCC_WARN_ABOUT_RETURN_TYPE = YES_ERROR;
				GCC_WARN_UNDECLARED_SELECTOR = YES;
				GCC_WARN_UNINITIALIZED_AUTOS = YES_AGGRESSIVE;
				GCC_WARN_UNUSED_FUNCTION = YES;
				GCC_WARN_UNUSED_VARIABLE = YES;
				IPHONEOS_DEPLOYMENT_TARGET = 13.2;
				MTL_ENABLE_DEBUG_INFO = NO;
				MTL_FAST_MATH = YES;
				SDKROOT = iphoneos;
				SWIFT_COMPILATION_MODE = wholemodule;
				SWIFT_OPTIMIZATION_LEVEL = "-O";
				VALIDATE_PRODUCT = YES;
			};
			name = Release;
		};
		88E2C70923E228FD00EF5304 /* Debug */ = {
			isa = XCBuildConfiguration;
			buildSettings = {
				ASSETCATALOG_COMPILER_APPICON_NAME = AppIcon;
				CODE_SIGN_STYLE = Automatic;
				DEVELOPMENT_ASSET_PATHS = "\"ExpandableListSwiftUI/Preview Content\"";
				ENABLE_PREVIEWS = YES;
				INFOPLIST_FILE = ExpandableListSwiftUI/Info.plist;
				LD_RUNPATH_SEARCH_PATHS = (
					"$(inherited)",
					"@executable_path/Frameworks",
				);
				PRODUCT_BUNDLE_IDENTIFIER = vadimbulavin.ExpandableListSwiftUI;
				PRODUCT_NAME = "$(TARGET_NAME)";
				SWIFT_VERSION = 5.0;
				TARGETED_DEVICE_FAMILY = "1,2";
			};
			name = Debug;
		};
		88E2C70A23E228FD00EF5304 /* Release */ = {
			isa = XCBuildConfiguration;
			buildSettings = {
				ASSETCATALOG_COMPILER_APPICON_NAME = AppIcon;
				CODE_SIGN_STYLE = Automatic;
				DEVELOPMENT_ASSET_PATHS = "\"ExpandableListSwiftUI/Preview Content\"";
				ENABLE_PREVIEWS = YES;
				INFOPLIST_FILE = ExpandableListSwiftUI/Info.plist;
				LD_RUNPATH_SEARCH_PATHS = (
					"$(inherited)",
					"@executable_path/Frameworks",
				);
				PRODUCT_BUNDLE_IDENTIFIER = vadimbulavin.ExpandableListSwiftUI;
				PRODUCT_NAME = "$(TARGET_NAME)";
				SWIFT_VERSION = 5.0;
				TARGETED_DEVICE_FAMILY = "1,2";
			};
			name = Release;
		};
/* End XCBuildConfiguration section */

/* Begin XCConfigurationList section */
		88E2C6EF23E228F900EF5304 /* Build configuration list for PBXProject "ExpandableListSwiftUI" */ = {
			isa = XCConfigurationList;
			buildConfigurations = (
				88E2C70623E228FD00EF5304 /* Debug */,
				88E2C70723E228FD00EF5304 /* Release */,
			);
			defaultConfigurationIsVisible = 0;
			defaultConfigurationName = Release;
		};
		88E2C70823E228FD00EF5304 /* Build configuration list for PBXNativeTarget "ExpandableListSwiftUI" */ = {
			isa = XCConfigurationList;
			buildConfigurations = (
				88E2C70923E228FD00EF5304 /* Debug */,
				88E2C70A23E228FD00EF5304 /* Release */,
			);
			defaultConfigurationIsVisible = 0;
			defaultConfigurationName = Release;
		};
/* End XCConfigurationList section */
	};
	rootObject = 88E2C6EC23E228F900EF5304 /* Project object */;
}
